// !$*UTF8*$!
{
	archiveVersion = 1;
	classes = {
	};
	objectVersion = 51;
	objects = {

/* Begin PBXBuildFile section */
		2CBF80A22BAF3D1ACEED385E /* Pods_PlanRadar_Weather.framework in Frameworks */ = {isa = PBXBuildFile; fileRef = 0C4A2D52A63AEFA6FCD937D8 /* Pods_PlanRadar_Weather.framework */; };
		9A9B04090E1F0D28831DF06F /* Pods_PlanRadar_WeatherTests.framework in Frameworks */ = {isa = PBXBuildFile; fileRef = BA92C0C817230F4C56AE48F3 /* Pods_PlanRadar_WeatherTests.framework */; };
		F465ED4D23AC06D7008120CB /* DataLoaderMock.m in Sources */ = {isa = PBXBuildFile; fileRef = F465ED4C23AC06D7008120CB /* DataLoaderMock.m */; };
		F465ED5023AC0B8C008120CB /* DataProvider.m in Sources */ = {isa = PBXBuildFile; fileRef = F465ED4F23AC0B8C008120CB /* DataProvider.m */; };
		F465ED5A23AC0D70008120CB /* WeatherInfo+CoreDataClass.m in Sources */ = {isa = PBXBuildFile; fileRef = F465ED5423AC0D70008120CB /* WeatherInfo+CoreDataClass.m */; };
		F465ED5B23AC0D70008120CB /* City+CoreDataClass.m in Sources */ = {isa = PBXBuildFile; fileRef = F465ED5523AC0D70008120CB /* City+CoreDataClass.m */; };
		F465ED5C23AC0D70008120CB /* City+CoreDataProperties.m in Sources */ = {isa = PBXBuildFile; fileRef = F465ED5623AC0D70008120CB /* City+CoreDataProperties.m */; };
		F465ED5D23AC0D70008120CB /* WeatherInfo+CoreDataProperties.m in Sources */ = {isa = PBXBuildFile; fileRef = F465ED5723AC0D70008120CB /* WeatherInfo+CoreDataProperties.m */; };
		F47C334423ABC9EA00920151 /* NetworkEngine.m in Sources */ = {isa = PBXBuildFile; fileRef = F47C334323ABC9EA00920151 /* NetworkEngine.m */; };
		F47C334723ABD46200920151 /* NetworkEngineTests.m in Sources */ = {isa = PBXBuildFile; fileRef = F47C334623ABD46200920151 /* NetworkEngineTests.m */; };
		F47C334A23ABD8A100920151 /* NetworkEngineMock.m in Sources */ = {isa = PBXBuildFile; fileRef = F47C334923ABD8A100920151 /* NetworkEngineMock.m */; };
		F47C334E23ABEA2300920151 /* ModelServiceWeather.m in Sources */ = {isa = PBXBuildFile; fileRef = F47C334D23ABEA2300920151 /* ModelServiceWeather.m */; };
		F47C335223AC000300920151 /* DataLoader.m in Sources */ = {isa = PBXBuildFile; fileRef = F47C335123AC000300920151 /* DataLoader.m */; };
		F47C335423AC05F200920151 /* DataLoaderTests.m in Sources */ = {isa = PBXBuildFile; fileRef = F47C335323AC05F200920151 /* DataLoaderTests.m */; };
		F4BC24CB23ABAFD50066E2A0 /* main.m in Sources */ = {isa = PBXBuildFile; fileRef = F4BC24CA23ABAFD50066E2A0 /* main.m */; };
		F4BC24D523ABAFD50066E2A0 /* PlanRadar_WeatherTests.m in Sources */ = {isa = PBXBuildFile; fileRef = F4BC24D423ABAFD50066E2A0 /* PlanRadar_WeatherTests.m */; };
		F4BC24E023ABAFD50066E2A0 /* PlanRadar_WeatherUITests.m in Sources */ = {isa = PBXBuildFile; fileRef = F4BC24DF23ABAFD50066E2A0 /* PlanRadar_WeatherUITests.m */; };
		F4BC24FE23ABB0D40066E2A0 /* PlanRadar_Weather.xcdatamodeld in Sources */ = {isa = PBXBuildFile; fileRef = F4BC24EE23ABB0D40066E2A0 /* PlanRadar_Weather.xcdatamodeld */; };
		F4BC24FF23ABB0D40066E2A0 /* Assets.xcassets in Resources */ = {isa = PBXBuildFile; fileRef = F4BC24F123ABB0D40066E2A0 /* Assets.xcassets */; };
		F4BC250023ABB0D40066E2A0 /* LaunchScreen.storyboard in Resources */ = {isa = PBXBuildFile; fileRef = F4BC24F223ABB0D40066E2A0 /* LaunchScreen.storyboard */; };
		F4BC250323ABB0D40066E2A0 /* AppDelegate.m in Sources */ = {isa = PBXBuildFile; fileRef = F4BC24FB23ABB0D40066E2A0 /* AppDelegate.m */; };
		F4BC250423ABB0D40066E2A0 /* SceneDelegate.m in Sources */ = {isa = PBXBuildFile; fileRef = F4BC24FD23ABB0D40066E2A0 /* SceneDelegate.m */; };
/* End PBXBuildFile section */

/* Begin PBXContainerItemProxy section */
		F4BC24D123ABAFD50066E2A0 /* PBXContainerItemProxy */ = {
			isa = PBXContainerItemProxy;
			containerPortal = F4BC24AA23ABAFD40066E2A0 /* Project object */;
			proxyType = 1;
			remoteGlobalIDString = F4BC24B123ABAFD40066E2A0;
			remoteInfo = "PlanRadar Weather";
		};
		F4BC24DC23ABAFD50066E2A0 /* PBXContainerItemProxy */ = {
			isa = PBXContainerItemProxy;
			containerPortal = F4BC24AA23ABAFD40066E2A0 /* Project object */;
			proxyType = 1;
			remoteGlobalIDString = F4BC24B123ABAFD40066E2A0;
			remoteInfo = "PlanRadar Weather";
		};
/* End PBXContainerItemProxy section */

/* Begin PBXFileReference section */
		0C4A2D52A63AEFA6FCD937D8 /* Pods_PlanRadar_Weather.framework */ = {isa = PBXFileReference; explicitFileType = wrapper.framework; includeInIndex = 0; path = Pods_PlanRadar_Weather.framework; sourceTree = BUILT_PRODUCTS_DIR; };
		99E588EBA02187D8D320438A /* Pods-PlanRadar Weather.debug.xcconfig */ = {isa = PBXFileReference; includeInIndex = 1; lastKnownFileType = text.xcconfig; name = "Pods-PlanRadar Weather.debug.xcconfig"; path = "Target Support Files/Pods-PlanRadar Weather/Pods-PlanRadar Weather.debug.xcconfig"; sourceTree = "<group>"; };
		BA92C0C817230F4C56AE48F3 /* Pods_PlanRadar_WeatherTests.framework */ = {isa = PBXFileReference; explicitFileType = wrapper.framework; includeInIndex = 0; path = Pods_PlanRadar_WeatherTests.framework; sourceTree = BUILT_PRODUCTS_DIR; };
		D04B2F111F86EF5FECE885CB /* Pods-PlanRadar WeatherTests.release.xcconfig */ = {isa = PBXFileReference; includeInIndex = 1; lastKnownFileType = text.xcconfig; name = "Pods-PlanRadar WeatherTests.release.xcconfig"; path = "Target Support Files/Pods-PlanRadar WeatherTests/Pods-PlanRadar WeatherTests.release.xcconfig"; sourceTree = "<group>"; };
		E94CF7BA001B6826923B9518 /* Pods-PlanRadar WeatherTests.debug.xcconfig */ = {isa = PBXFileReference; includeInIndex = 1; lastKnownFileType = text.xcconfig; name = "Pods-PlanRadar WeatherTests.debug.xcconfig"; path = "Target Support Files/Pods-PlanRadar WeatherTests/Pods-PlanRadar WeatherTests.debug.xcconfig"; sourceTree = "<group>"; };
		F465ED4B23AC06D7008120CB /* DataLoaderMock.h */ = {isa = PBXFileReference; lastKnownFileType = sourcecode.c.h; path = DataLoaderMock.h; sourceTree = "<group>"; };
		F465ED4C23AC06D7008120CB /* DataLoaderMock.m */ = {isa = PBXFileReference; lastKnownFileType = sourcecode.c.objc; path = DataLoaderMock.m; sourceTree = "<group>"; };
		F465ED4E23AC0B8C008120CB /* DataProvider.h */ = {isa = PBXFileReference; lastKnownFileType = sourcecode.c.h; path = DataProvider.h; sourceTree = "<group>"; };
		F465ED4F23AC0B8C008120CB /* DataProvider.m */ = {isa = PBXFileReference; lastKnownFileType = sourcecode.c.objc; path = DataProvider.m; sourceTree = "<group>"; };
		F465ED5223AC0D70008120CB /* WeatherInfo+CoreDataProperties.h */ = {isa = PBXFileReference; fileEncoding = 4; lastKnownFileType = sourcecode.c.h; path = "WeatherInfo+CoreDataProperties.h"; sourceTree = "<group>"; };
		F465ED5323AC0D70008120CB /* City+CoreDataClass.h */ = {isa = PBXFileReference; fileEncoding = 4; lastKnownFileType = sourcecode.c.h; path = "City+CoreDataClass.h"; sourceTree = "<group>"; };
		F465ED5423AC0D70008120CB /* WeatherInfo+CoreDataClass.m */ = {isa = PBXFileReference; fileEncoding = 4; lastKnownFileType = sourcecode.c.objc; path = "WeatherInfo+CoreDataClass.m"; sourceTree = "<group>"; };
		F465ED5523AC0D70008120CB /* City+CoreDataClass.m */ = {isa = PBXFileReference; fileEncoding = 4; lastKnownFileType = sourcecode.c.objc; path = "City+CoreDataClass.m"; sourceTree = "<group>"; };
		F465ED5623AC0D70008120CB /* City+CoreDataProperties.m */ = {isa = PBXFileReference; fileEncoding = 4; lastKnownFileType = sourcecode.c.objc; path = "City+CoreDataProperties.m"; sourceTree = "<group>"; };
		F465ED5723AC0D70008120CB /* WeatherInfo+CoreDataProperties.m */ = {isa = PBXFileReference; fileEncoding = 4; lastKnownFileType = sourcecode.c.objc; path = "WeatherInfo+CoreDataProperties.m"; sourceTree = "<group>"; };
		F465ED5823AC0D70008120CB /* WeatherInfo+CoreDataClass.h */ = {isa = PBXFileReference; fileEncoding = 4; lastKnownFileType = sourcecode.c.h; path = "WeatherInfo+CoreDataClass.h"; sourceTree = "<group>"; };
		F465ED5923AC0D70008120CB /* City+CoreDataProperties.h */ = {isa = PBXFileReference; fileEncoding = 4; lastKnownFileType = sourcecode.c.h; path = "City+CoreDataProperties.h"; sourceTree = "<group>"; };
		F47C334223ABC9EA00920151 /* NetworkEngine.h */ = {isa = PBXFileReference; lastKnownFileType = sourcecode.c.h; path = NetworkEngine.h; sourceTree = "<group>"; };
		F47C334323ABC9EA00920151 /* NetworkEngine.m */ = {isa = PBXFileReference; lastKnownFileType = sourcecode.c.objc; path = NetworkEngine.m; sourceTree = "<group>"; };
		F47C334623ABD46200920151 /* NetworkEngineTests.m */ = {isa = PBXFileReference; lastKnownFileType = sourcecode.c.objc; path = NetworkEngineTests.m; sourceTree = "<group>"; };
		F47C334923ABD8A100920151 /* NetworkEngineMock.m */ = {isa = PBXFileReference; lastKnownFileType = sourcecode.c.objc; path = NetworkEngineMock.m; sourceTree = "<group>"; };
		F47C334C23ABDBD600920151 /* NetworkEngineMock.h */ = {isa = PBXFileReference; lastKnownFileType = sourcecode.c.h; path = NetworkEngineMock.h; sourceTree = "<group>"; };
		F47C334D23ABEA2300920151 /* ModelServiceWeather.m */ = {isa = PBXFileReference; lastKnownFileType = sourcecode.c.objc; path = ModelServiceWeather.m; sourceTree = "<group>"; };
		F47C334F23ABEA4700920151 /* ModelServiceWeather.h */ = {isa = PBXFileReference; lastKnownFileType = sourcecode.c.h; path = ModelServiceWeather.h; sourceTree = "<group>"; };
		F47C335023AC000300920151 /* DataLoader.h */ = {isa = PBXFileReference; lastKnownFileType = sourcecode.c.h; path = DataLoader.h; sourceTree = "<group>"; };
		F47C335123AC000300920151 /* DataLoader.m */ = {isa = PBXFileReference; lastKnownFileType = sourcecode.c.objc; path = DataLoader.m; sourceTree = "<group>"; };
		F47C335323AC05F200920151 /* DataLoaderTests.m */ = {isa = PBXFileReference; lastKnownFileType = sourcecode.c.objc; path = DataLoaderTests.m; sourceTree = "<group>"; };
		F4BC24B223ABAFD40066E2A0 /* PlanRadar Weather.app */ = {isa = PBXFileReference; explicitFileType = wrapper.application; includeInIndex = 0; path = "PlanRadar Weather.app"; sourceTree = BUILT_PRODUCTS_DIR; };
		F4BC24CA23ABAFD50066E2A0 /* main.m */ = {isa = PBXFileReference; lastKnownFileType = sourcecode.c.objc; path = main.m; sourceTree = "<group>"; };
		F4BC24D023ABAFD50066E2A0 /* PlanRadar WeatherTests.xctest */ = {isa = PBXFileReference; explicitFileType = wrapper.cfbundle; includeInIndex = 0; path = "PlanRadar WeatherTests.xctest"; sourceTree = BUILT_PRODUCTS_DIR; };
		F4BC24D423ABAFD50066E2A0 /* PlanRadar_WeatherTests.m */ = {isa = PBXFileReference; lastKnownFileType = sourcecode.c.objc; path = PlanRadar_WeatherTests.m; sourceTree = "<group>"; };
		F4BC24D623ABAFD50066E2A0 /* Info.plist */ = {isa = PBXFileReference; lastKnownFileType = text.plist.xml; path = Info.plist; sourceTree = "<group>"; };
		F4BC24DB23ABAFD50066E2A0 /* PlanRadar WeatherUITests.xctest */ = {isa = PBXFileReference; explicitFileType = wrapper.cfbundle; includeInIndex = 0; path = "PlanRadar WeatherUITests.xctest"; sourceTree = BUILT_PRODUCTS_DIR; };
		F4BC24DF23ABAFD50066E2A0 /* PlanRadar_WeatherUITests.m */ = {isa = PBXFileReference; lastKnownFileType = sourcecode.c.objc; path = PlanRadar_WeatherUITests.m; sourceTree = "<group>"; };
		F4BC24E123ABAFD50066E2A0 /* Info.plist */ = {isa = PBXFileReference; lastKnownFileType = text.plist.xml; path = Info.plist; sourceTree = "<group>"; };
		F4BC24EF23ABB0D40066E2A0 /* PlanRadar_Weather.xcdatamodel */ = {isa = PBXFileReference; lastKnownFileType = wrapper.xcdatamodel; path = PlanRadar_Weather.xcdatamodel; sourceTree = "<group>"; };
		F4BC24F123ABB0D40066E2A0 /* Assets.xcassets */ = {isa = PBXFileReference; lastKnownFileType = folder.assetcatalog; path = Assets.xcassets; sourceTree = "<group>"; };
		F4BC24F323ABB0D40066E2A0 /* Base */ = {isa = PBXFileReference; lastKnownFileType = file.storyboard; name = Base; path = Base.lproj/LaunchScreen.storyboard; sourceTree = "<group>"; };
		F4BC24F723ABB0D40066E2A0 /* Info.plist */ = {isa = PBXFileReference; fileEncoding = 4; lastKnownFileType = text.plist.xml; path = Info.plist; sourceTree = "<group>"; };
		F4BC24FA23ABB0D40066E2A0 /* AppDelegate.h */ = {isa = PBXFileReference; fileEncoding = 4; lastKnownFileType = sourcecode.c.h; path = AppDelegate.h; sourceTree = "<group>"; };
		F4BC24FB23ABB0D40066E2A0 /* AppDelegate.m */ = {isa = PBXFileReference; fileEncoding = 4; lastKnownFileType = sourcecode.c.objc; path = AppDelegate.m; sourceTree = "<group>"; };
		F4BC24FC23ABB0D40066E2A0 /* SceneDelegate.h */ = {isa = PBXFileReference; fileEncoding = 4; lastKnownFileType = sourcecode.c.h; path = SceneDelegate.h; sourceTree = "<group>"; };
		F4BC24FD23ABB0D40066E2A0 /* SceneDelegate.m */ = {isa = PBXFileReference; fileEncoding = 4; lastKnownFileType = sourcecode.c.objc; path = SceneDelegate.m; sourceTree = "<group>"; };
		FC525A000A7F5F6484E2CDE6 /* Pods-PlanRadar Weather.release.xcconfig */ = {isa = PBXFileReference; includeInIndex = 1; lastKnownFileType = text.xcconfig; name = "Pods-PlanRadar Weather.release.xcconfig"; path = "Target Support Files/Pods-PlanRadar Weather/Pods-PlanRadar Weather.release.xcconfig"; sourceTree = "<group>"; };
/* End PBXFileReference section */

/* Begin PBXFrameworksBuildPhase section */
		F4BC24AF23ABAFD40066E2A0 /* Frameworks */ = {
			isa = PBXFrameworksBuildPhase;
			buildActionMask = 2147483647;
			files = (
				2CBF80A22BAF3D1ACEED385E /* Pods_PlanRadar_Weather.framework in Frameworks */,
			);
			runOnlyForDeploymentPostprocessing = 0;
		};
		F4BC24CD23ABAFD50066E2A0 /* Frameworks */ = {
			isa = PBXFrameworksBuildPhase;
			buildActionMask = 2147483647;
			files = (
				9A9B04090E1F0D28831DF06F /* Pods_PlanRadar_WeatherTests.framework in Frameworks */,
			);
			runOnlyForDeploymentPostprocessing = 0;
		};
		F4BC24D823ABAFD50066E2A0 /* Frameworks */ = {
			isa = PBXFrameworksBuildPhase;
			buildActionMask = 2147483647;
			files = (
			);
			runOnlyForDeploymentPostprocessing = 0;
		};
/* End PBXFrameworksBuildPhase section */

/* Begin PBXGroup section */
		359388B531A950603FE4266D /* Pods */ = {
			isa = PBXGroup;
			children = (
				99E588EBA02187D8D320438A /* Pods-PlanRadar Weather.debug.xcconfig */,
				FC525A000A7F5F6484E2CDE6 /* Pods-PlanRadar Weather.release.xcconfig */,
				E94CF7BA001B6826923B9518 /* Pods-PlanRadar WeatherTests.debug.xcconfig */,
				D04B2F111F86EF5FECE885CB /* Pods-PlanRadar WeatherTests.release.xcconfig */,
			);
			path = Pods;
			sourceTree = "<group>";
		};
		879084C7E4236DD7717ED0C4 /* Frameworks */ = {
			isa = PBXGroup;
			children = (
				0C4A2D52A63AEFA6FCD937D8 /* Pods_PlanRadar_Weather.framework */,
				BA92C0C817230F4C56AE48F3 /* Pods_PlanRadar_WeatherTests.framework */,
			);
			name = Frameworks;
			sourceTree = "<group>";
		};
		F465ED5123AC0D49008120CB /* Content */ = {
			isa = PBXGroup;
			children = (
				F465ED5323AC0D70008120CB /* City+CoreDataClass.h */,
				F465ED5523AC0D70008120CB /* City+CoreDataClass.m */,
				F465ED5923AC0D70008120CB /* City+CoreDataProperties.h */,
				F465ED5623AC0D70008120CB /* City+CoreDataProperties.m */,
				F465ED5823AC0D70008120CB /* WeatherInfo+CoreDataClass.h */,
				F465ED5423AC0D70008120CB /* WeatherInfo+CoreDataClass.m */,
				F465ED5223AC0D70008120CB /* WeatherInfo+CoreDataProperties.h */,
				F465ED5723AC0D70008120CB /* WeatherInfo+CoreDataProperties.m */,
			);
			path = Content;
			sourceTree = "<group>";
		};
		F47C334023ABC8AA00920151 /* Service */ = {
			isa = PBXGroup;
			children = (
				F47C334F23ABEA4700920151 /* ModelServiceWeather.h */,
				F47C334D23ABEA2300920151 /* ModelServiceWeather.m */,
			);
			path = Service;
			sourceTree = "<group>";
		};
		F47C334123ABC9D300920151 /* Services */ = {
			isa = PBXGroup;
			children = (
				F47C334223ABC9EA00920151 /* NetworkEngine.h */,
				F47C334323ABC9EA00920151 /* NetworkEngine.m */,
				F47C335023AC000300920151 /* DataLoader.h */,
				F47C335123AC000300920151 /* DataLoader.m */,
				F465ED4E23AC0B8C008120CB /* DataProvider.h */,
				F465ED4F23AC0B8C008120CB /* DataProvider.m */,
			);
			path = Services;
			sourceTree = "<group>";
		};
		F47C334523ABD45900920151 /* Data */ = {
			isa = PBXGroup;
			children = (
				F47C334623ABD46200920151 /* NetworkEngineTests.m */,
				F47C335323AC05F200920151 /* DataLoaderTests.m */,
			);
			path = Data;
			sourceTree = "<group>";
		};
		F47C334823ABD88F00920151 /* Mock */ = {
			isa = PBXGroup;
			children = (
				F47C334C23ABDBD600920151 /* NetworkEngineMock.h */,
				F47C334923ABD8A100920151 /* NetworkEngineMock.m */,
				F465ED4B23AC06D7008120CB /* DataLoaderMock.h */,
				F465ED4C23AC06D7008120CB /* DataLoaderMock.m */,
			);
			path = Mock;
			sourceTree = "<group>";
		};
		F4BC24A923ABAFD40066E2A0 = {
			isa = PBXGroup;
			children = (
				F4BC24B423ABAFD40066E2A0 /* PlanRadar Weather */,
				F4BC24D323ABAFD50066E2A0 /* PlanRadar WeatherTests */,
				F4BC24DE23ABAFD50066E2A0 /* PlanRadar WeatherUITests */,
				F4BC24B323ABAFD40066E2A0 /* Products */,
				359388B531A950603FE4266D /* Pods */,
				879084C7E4236DD7717ED0C4 /* Frameworks */,
			);
			sourceTree = "<group>";
		};
		F4BC24B323ABAFD40066E2A0 /* Products */ = {
			isa = PBXGroup;
			children = (
				F4BC24B223ABAFD40066E2A0 /* PlanRadar Weather.app */,
				F4BC24D023ABAFD50066E2A0 /* PlanRadar WeatherTests.xctest */,
				F4BC24DB23ABAFD50066E2A0 /* PlanRadar WeatherUITests.xctest */,
			);
			name = Products;
			sourceTree = "<group>";
		};
		F4BC24B423ABAFD40066E2A0 /* PlanRadar Weather */ = {
			isa = PBXGroup;
			children = (
				F4BC24F823ABB0D40066E2A0 /* Application */,
				F4BC24ED23ABB0D40066E2A0 /* Model */,
				F47C334123ABC9D300920151 /* Services */,
				F4BC24F023ABB0D40066E2A0 /* Resources */,
				F4BC24F623ABB0D40066E2A0 /* Supporting files */,
				F4BC24CA23ABAFD50066E2A0 /* main.m */,
			);
			path = "PlanRadar Weather";
			sourceTree = "<group>";
		};
		F4BC24D323ABAFD50066E2A0 /* PlanRadar WeatherTests */ = {
			isa = PBXGroup;
			children = (
				F47C334823ABD88F00920151 /* Mock */,
				F47C334523ABD45900920151 /* Data */,
				F4BC24D423ABAFD50066E2A0 /* PlanRadar_WeatherTests.m */,
				F4BC24D623ABAFD50066E2A0 /* Info.plist */,
			);
			path = "PlanRadar WeatherTests";
			sourceTree = "<group>";
		};
		F4BC24DE23ABAFD50066E2A0 /* PlanRadar WeatherUITests */ = {
			isa = PBXGroup;
			children = (
				F4BC24DF23ABAFD50066E2A0 /* PlanRadar_WeatherUITests.m */,
				F4BC24E123ABAFD50066E2A0 /* Info.plist */,
			);
			path = "PlanRadar WeatherUITests";
			sourceTree = "<group>";
		};
		F4BC24ED23ABB0D40066E2A0 /* Model */ = {
			isa = PBXGroup;
			children = (
				F465ED5123AC0D49008120CB /* Content */,
				F47C334023ABC8AA00920151 /* Service */,
				F4BC24EE23ABB0D40066E2A0 /* PlanRadar_Weather.xcdatamodeld */,
			);
			path = Model;
			sourceTree = "<group>";
		};
		F4BC24F023ABB0D40066E2A0 /* Resources */ = {
			isa = PBXGroup;
			children = (
				F4BC24F123ABB0D40066E2A0 /* Assets.xcassets */,
				F4BC24F223ABB0D40066E2A0 /* LaunchScreen.storyboard */,
			);
			path = Resources;
			sourceTree = "<group>";
		};
		F4BC24F623ABB0D40066E2A0 /* Supporting files */ = {
			isa = PBXGroup;
			children = (
				F4BC24F723ABB0D40066E2A0 /* Info.plist */,
			);
			path = "Supporting files";
			sourceTree = "<group>";
		};
		F4BC24F823ABB0D40066E2A0 /* Application */ = {
			isa = PBXGroup;
			children = (
				F4BC24F923ABB0D40066E2A0 /* Main */,
			);
			path = Application;
			sourceTree = "<group>";
		};
		F4BC24F923ABB0D40066E2A0 /* Main */ = {
			isa = PBXGroup;
			children = (
				F4BC24FA23ABB0D40066E2A0 /* AppDelegate.h */,
				F4BC24FB23ABB0D40066E2A0 /* AppDelegate.m */,
				F4BC24FC23ABB0D40066E2A0 /* SceneDelegate.h */,
				F4BC24FD23ABB0D40066E2A0 /* SceneDelegate.m */,
			);
			path = Main;
			sourceTree = "<group>";
		};
/* End PBXGroup section */

/* Begin PBXNativeTarget section */
		F4BC24B123ABAFD40066E2A0 /* PlanRadar Weather */ = {
			isa = PBXNativeTarget;
			buildConfigurationList = F4BC24E423ABAFD50066E2A0 /* Build configuration list for PBXNativeTarget "PlanRadar Weather" */;
			buildPhases = (
				BA57C83979435CB31CC22F6D /* [CP] Check Pods Manifest.lock */,
				F4BC24AE23ABAFD40066E2A0 /* Sources */,
				F4BC24AF23ABAFD40066E2A0 /* Frameworks */,
				F4BC24B023ABAFD40066E2A0 /* Resources */,
				13741EAC0F321D6326C79276 /* [CP] Embed Pods Frameworks */,
			);
			buildRules = (
			);
			dependencies = (
			);
			name = "PlanRadar Weather";
			productName = "PlanRadar Weather";
			productReference = F4BC24B223ABAFD40066E2A0 /* PlanRadar Weather.app */;
			productType = "com.apple.product-type.application";
		};
		F4BC24CF23ABAFD50066E2A0 /* PlanRadar WeatherTests */ = {
			isa = PBXNativeTarget;
			buildConfigurationList = F4BC24E723ABAFD50066E2A0 /* Build configuration list for PBXNativeTarget "PlanRadar WeatherTests" */;
			buildPhases = (
				00E9416C2242E8C8927C5140 /* [CP] Check Pods Manifest.lock */,
				F4BC24CC23ABAFD50066E2A0 /* Sources */,
				F4BC24CD23ABAFD50066E2A0 /* Frameworks */,
				F4BC24CE23ABAFD50066E2A0 /* Resources */,
				7A8A613B3E2C1A58237F337F /* [CP] Embed Pods Frameworks */,
			);
			buildRules = (
			);
			dependencies = (
				F4BC24D223ABAFD50066E2A0 /* PBXTargetDependency */,
			);
			name = "PlanRadar WeatherTests";
			productName = "PlanRadar WeatherTests";
			productReference = F4BC24D023ABAFD50066E2A0 /* PlanRadar WeatherTests.xctest */;
			productType = "com.apple.product-type.bundle.unit-test";
		};
		F4BC24DA23ABAFD50066E2A0 /* PlanRadar WeatherUITests */ = {
			isa = PBXNativeTarget;
			buildConfigurationList = F4BC24EA23ABAFD50066E2A0 /* Build configuration list for PBXNativeTarget "PlanRadar WeatherUITests" */;
			buildPhases = (
				F4BC24D723ABAFD50066E2A0 /* Sources */,
				F4BC24D823ABAFD50066E2A0 /* Frameworks */,
				F4BC24D923ABAFD50066E2A0 /* Resources */,
			);
			buildRules = (
			);
			dependencies = (
				F4BC24DD23ABAFD50066E2A0 /* PBXTargetDependency */,
			);
			name = "PlanRadar WeatherUITests";
			productName = "PlanRadar WeatherUITests";
			productReference = F4BC24DB23ABAFD50066E2A0 /* PlanRadar WeatherUITests.xctest */;
			productType = "com.apple.product-type.bundle.ui-testing";
		};
/* End PBXNativeTarget section */

/* Begin PBXProject section */
		F4BC24AA23ABAFD40066E2A0 /* Project object */ = {
			isa = PBXProject;
			attributes = {
				LastUpgradeCheck = 1130;
				ORGANIZATIONNAME = "Milan Horvatovic";
				TargetAttributes = {
					F4BC24B123ABAFD40066E2A0 = {
						CreatedOnToolsVersion = 11.3;
					};
					F4BC24CF23ABAFD50066E2A0 = {
						CreatedOnToolsVersion = 11.3;
						TestTargetID = F4BC24B123ABAFD40066E2A0;
					};
					F4BC24DA23ABAFD50066E2A0 = {
						CreatedOnToolsVersion = 11.3;
						TestTargetID = F4BC24B123ABAFD40066E2A0;
					};
				};
			};
			buildConfigurationList = F4BC24AD23ABAFD40066E2A0 /* Build configuration list for PBXProject "PlanRadar Weather" */;
			compatibilityVersion = "Xcode 9.3";
			developmentRegion = en;
			hasScannedForEncodings = 0;
			knownRegions = (
				en,
				Base,
			);
			mainGroup = F4BC24A923ABAFD40066E2A0;
			productRefGroup = F4BC24B323ABAFD40066E2A0 /* Products */;
			projectDirPath = "";
			projectRoot = "";
			targets = (
				F4BC24B123ABAFD40066E2A0 /* PlanRadar Weather */,
				F4BC24CF23ABAFD50066E2A0 /* PlanRadar WeatherTests */,
				F4BC24DA23ABAFD50066E2A0 /* PlanRadar WeatherUITests */,
			);
		};
/* End PBXProject section */

/* Begin PBXResourcesBuildPhase section */
		F4BC24B023ABAFD40066E2A0 /* Resources */ = {
			isa = PBXResourcesBuildPhase;
			buildActionMask = 2147483647;
			files = (
				F4BC24FF23ABB0D40066E2A0 /* Assets.xcassets in Resources */,
				F4BC250023ABB0D40066E2A0 /* LaunchScreen.storyboard in Resources */,
			);
			runOnlyForDeploymentPostprocessing = 0;
		};
		F4BC24CE23ABAFD50066E2A0 /* Resources */ = {
			isa = PBXResourcesBuildPhase;
			buildActionMask = 2147483647;
			files = (
			);
			runOnlyForDeploymentPostprocessing = 0;
		};
		F4BC24D923ABAFD50066E2A0 /* Resources */ = {
			isa = PBXResourcesBuildPhase;
			buildActionMask = 2147483647;
			files = (
			);
			runOnlyForDeploymentPostprocessing = 0;
		};
/* End PBXResourcesBuildPhase section */

/* Begin PBXShellScriptBuildPhase section */
		00E9416C2242E8C8927C5140 /* [CP] Check Pods Manifest.lock */ = {
			isa = PBXShellScriptBuildPhase;
			buildActionMask = 2147483647;
			files = (
			);
			inputFileListPaths = (
			);
			inputPaths = (
				"${PODS_PODFILE_DIR_PATH}/Podfile.lock",
				"${PODS_ROOT}/Manifest.lock",
			);
			name = "[CP] Check Pods Manifest.lock";
			outputFileListPaths = (
			);
			outputPaths = (
				"$(DERIVED_FILE_DIR)/Pods-PlanRadar WeatherTests-checkManifestLockResult.txt",
			);
			runOnlyForDeploymentPostprocessing = 0;
			shellPath = /bin/sh;
			shellScript = "diff \"${PODS_PODFILE_DIR_PATH}/Podfile.lock\" \"${PODS_ROOT}/Manifest.lock\" > /dev/null\nif [ $? != 0 ] ; then\n    # print error to STDERR\n    echo \"error: The sandbox is not in sync with the Podfile.lock. Run 'pod install' or update your CocoaPods installation.\" >&2\n    exit 1\nfi\n# This output is used by Xcode 'outputs' to avoid re-running this script phase.\necho \"SUCCESS\" > \"${SCRIPT_OUTPUT_FILE_0}\"\n";
			showEnvVarsInLog = 0;
		};
		13741EAC0F321D6326C79276 /* [CP] Embed Pods Frameworks */ = {
			isa = PBXShellScriptBuildPhase;
			buildActionMask = 2147483647;
			files = (
			);
			inputFileListPaths = (
				"${PODS_ROOT}/Target Support Files/Pods-PlanRadar Weather/Pods-PlanRadar Weather-frameworks-${CONFIGURATION}-input-files.xcfilelist",
			);
			name = "[CP] Embed Pods Frameworks";
			outputFileListPaths = (
				"${PODS_ROOT}/Target Support Files/Pods-PlanRadar Weather/Pods-PlanRadar Weather-frameworks-${CONFIGURATION}-output-files.xcfilelist",
			);
			runOnlyForDeploymentPostprocessing = 0;
			shellPath = /bin/sh;
			shellScript = "\"${PODS_ROOT}/Target Support Files/Pods-PlanRadar Weather/Pods-PlanRadar Weather-frameworks.sh\"\n";
			showEnvVarsInLog = 0;
		};
		7A8A613B3E2C1A58237F337F /* [CP] Embed Pods Frameworks */ = {
			isa = PBXShellScriptBuildPhase;
			buildActionMask = 2147483647;
			files = (
			);
			inputFileListPaths = (
				"${PODS_ROOT}/Target Support Files/Pods-PlanRadar WeatherTests/Pods-PlanRadar WeatherTests-frameworks-${CONFIGURATION}-input-files.xcfilelist",
			);
			name = "[CP] Embed Pods Frameworks";
			outputFileListPaths = (
				"${PODS_ROOT}/Target Support Files/Pods-PlanRadar WeatherTests/Pods-PlanRadar WeatherTests-frameworks-${CONFIGURATION}-output-files.xcfilelist",
			);
			runOnlyForDeploymentPostprocessing = 0;
			shellPath = /bin/sh;
			shellScript = "\"${PODS_ROOT}/Target Support Files/Pods-PlanRadar WeatherTests/Pods-PlanRadar WeatherTests-frameworks.sh\"\n";
			showEnvVarsInLog = 0;
		};
		BA57C83979435CB31CC22F6D /* [CP] Check Pods Manifest.lock */ = {
			isa = PBXShellScriptBuildPhase;
			buildActionMask = 2147483647;
			files = (
			);
			inputFileListPaths = (
			);
			inputPaths = (
				"${PODS_PODFILE_DIR_PATH}/Podfile.lock",
				"${PODS_ROOT}/Manifest.lock",
			);
			name = "[CP] Check Pods Manifest.lock";
			outputFileListPaths = (
			);
			outputPaths = (
				"$(DERIVED_FILE_DIR)/Pods-PlanRadar Weather-checkManifestLockResult.txt",
			);
			runOnlyForDeploymentPostprocessing = 0;
			shellPath = /bin/sh;
			shellScript = "diff \"${PODS_PODFILE_DIR_PATH}/Podfile.lock\" \"${PODS_ROOT}/Manifest.lock\" > /dev/null\nif [ $? != 0 ] ; then\n    # print error to STDERR\n    echo \"error: The sandbox is not in sync with the Podfile.lock. Run 'pod install' or update your CocoaPods installation.\" >&2\n    exit 1\nfi\n# This output is used by Xcode 'outputs' to avoid re-running this script phase.\necho \"SUCCESS\" > \"${SCRIPT_OUTPUT_FILE_0}\"\n";
			showEnvVarsInLog = 0;
		};
/* End PBXShellScriptBuildPhase section */

/* Begin PBXSourcesBuildPhase section */
		F4BC24AE23ABAFD40066E2A0 /* Sources */ = {
			isa = PBXSourcesBuildPhase;
			buildActionMask = 2147483647;
			files = (
				F465ED5C23AC0D70008120CB /* City+CoreDataProperties.m in Sources */,
				F465ED5B23AC0D70008120CB /* City+CoreDataClass.m in Sources */,
				F47C334423ABC9EA00920151 /* NetworkEngine.m in Sources */,
				F4BC24FE23ABB0D40066E2A0 /* PlanRadar_Weather.xcdatamodeld in Sources */,
				F47C335223AC000300920151 /* DataLoader.m in Sources */,
				F47C334E23ABEA2300920151 /* ModelServiceWeather.m in Sources */,
				F465ED5023AC0B8C008120CB /* DataProvider.m in Sources */,
				F465ED5A23AC0D70008120CB /* WeatherInfo+CoreDataClass.m in Sources */,
				F4BC24CB23ABAFD50066E2A0 /* main.m in Sources */,
				F4BC250323ABB0D40066E2A0 /* AppDelegate.m in Sources */,
				F465ED5D23AC0D70008120CB /* WeatherInfo+CoreDataProperties.m in Sources */,
				F4BC250423ABB0D40066E2A0 /* SceneDelegate.m in Sources */,
			);
			runOnlyForDeploymentPostprocessing = 0;
		};
		F4BC24CC23ABAFD50066E2A0 /* Sources */ = {
			isa = PBXSourcesBuildPhase;
			buildActionMask = 2147483647;
			files = (
				F47C335423AC05F200920151 /* DataLoaderTests.m in Sources */,
				F47C334723ABD46200920151 /* NetworkEngineTests.m in Sources */,
				F47C334A23ABD8A100920151 /* NetworkEngineMock.m in Sources */,
				F465ED4D23AC06D7008120CB /* DataLoaderMock.m in Sources */,
				F4BC24D523ABAFD50066E2A0 /* PlanRadar_WeatherTests.m in Sources */,
			);
			runOnlyForDeploymentPostprocessing = 0;
		};
		F4BC24D723ABAFD50066E2A0 /* Sources */ = {
			isa = PBXSourcesBuildPhase;
			buildActionMask = 2147483647;
			files = (
				F4BC24E023ABAFD50066E2A0 /* PlanRadar_WeatherUITests.m in Sources */,
			);
			runOnlyForDeploymentPostprocessing = 0;
		};
/* End PBXSourcesBuildPhase section */

/* Begin PBXTargetDependency section */
		F4BC24D223ABAFD50066E2A0 /* PBXTargetDependency */ = {
			isa = PBXTargetDependency;
			target = F4BC24B123ABAFD40066E2A0 /* PlanRadar Weather */;
			targetProxy = F4BC24D123ABAFD50066E2A0 /* PBXContainerItemProxy */;
		};
		F4BC24DD23ABAFD50066E2A0 /* PBXTargetDependency */ = {
			isa = PBXTargetDependency;
			target = F4BC24B123ABAFD40066E2A0 /* PlanRadar Weather */;
			targetProxy = F4BC24DC23ABAFD50066E2A0 /* PBXContainerItemProxy */;
		};
/* End PBXTargetDependency section */

/* Begin PBXVariantGroup section */
		F4BC24F223ABB0D40066E2A0 /* LaunchScreen.storyboard */ = {
			isa = PBXVariantGroup;
			children = (
				F4BC24F323ABB0D40066E2A0 /* Base */,
			);
			name = LaunchScreen.storyboard;
			sourceTree = "<group>";
		};
/* End PBXVariantGroup section */

/* Begin XCBuildConfiguration section */
		F4BC24E223ABAFD50066E2A0 /* Debug */ = {
			isa = XCBuildConfiguration;
			buildSettings = {
				ALWAYS_SEARCH_USER_PATHS = NO;
				CLANG_ANALYZER_NONNULL = YES;
				CLANG_ANALYZER_NUMBER_OBJECT_CONVERSION = YES_AGGRESSIVE;
				CLANG_CXX_LANGUAGE_STANDARD = "gnu++14";
				CLANG_CXX_LIBRARY = "libc++";
				CLANG_ENABLE_MODULES = YES;
				CLANG_ENABLE_OBJC_ARC = YES;
				CLANG_ENABLE_OBJC_WEAK = YES;
				CLANG_WARN_BLOCK_CAPTURE_AUTORELEASING = YES;
				CLANG_WARN_BOOL_CONVERSION = YES;
				CLANG_WARN_COMMA = YES;
				CLANG_WARN_CONSTANT_CONVERSION = YES;
				CLANG_WARN_DEPRECATED_OBJC_IMPLEMENTATIONS = YES;
				CLANG_WARN_DIRECT_OBJC_ISA_USAGE = YES_ERROR;
				CLANG_WARN_DOCUMENTATION_COMMENTS = YES;
				CLANG_WARN_EMPTY_BODY = YES;
				CLANG_WARN_ENUM_CONVERSION = YES;
				CLANG_WARN_INFINITE_RECURSION = YES;
				CLANG_WARN_INT_CONVERSION = YES;
				CLANG_WARN_NON_LITERAL_NULL_CONVERSION = YES;
				CLANG_WARN_OBJC_IMPLICIT_RETAIN_SELF = YES;
				CLANG_WARN_OBJC_LITERAL_CONVERSION = YES;
				CLANG_WARN_OBJC_ROOT_CLASS = YES_ERROR;
				CLANG_WARN_RANGE_LOOP_ANALYSIS = YES;
				CLANG_WARN_STRICT_PROTOTYPES = YES;
				CLANG_WARN_SUSPICIOUS_MOVE = YES;
				CLANG_WARN_UNGUARDED_AVAILABILITY = YES_AGGRESSIVE;
				CLANG_WARN_UNREACHABLE_CODE = YES;
				CLANG_WARN__DUPLICATE_METHOD_MATCH = YES;
				COPY_PHASE_STRIP = NO;
				DEBUG_INFORMATION_FORMAT = "dwarf-with-dsym";
				ENABLE_STRICT_OBJC_MSGSEND = YES;
				ENABLE_TESTABILITY = YES;
				GCC_C_LANGUAGE_STANDARD = gnu11;
				GCC_DYNAMIC_NO_PIC = NO;
				GCC_NO_COMMON_BLOCKS = YES;
				GCC_OPTIMIZATION_LEVEL = 0;
				GCC_PREPROCESSOR_DEFINITIONS = (
					"$(inherited)",
					"DEBUG=1",
				);
				GCC_WARN_64_TO_32_BIT_CONVERSION = YES;
				GCC_WARN_ABOUT_RETURN_TYPE = YES_ERROR;
				GCC_WARN_UNDECLARED_SELECTOR = YES;
				GCC_WARN_UNINITIALIZED_AUTOS = YES_AGGRESSIVE;
				GCC_WARN_UNUSED_FUNCTION = YES;
				GCC_WARN_UNUSED_VARIABLE = YES;
				IPHONEOS_DEPLOYMENT_TARGET = 13.2;
				MTL_ENABLE_DEBUG_INFO = INCLUDE_SOURCE;
				MTL_FAST_MATH = YES;
				ONLY_ACTIVE_ARCH = YES;
				SDKROOT = iphoneos;
			};
			name = Debug;
		};
		F4BC24E323ABAFD50066E2A0 /* Release */ = {
			isa = XCBuildConfiguration;
			buildSettings = {
				ALWAYS_SEARCH_USER_PATHS = NO;
				CLANG_ANALYZER_NONNULL = YES;
				CLANG_ANALYZER_NUMBER_OBJECT_CONVERSION = YES_AGGRESSIVE;
				CLANG_CXX_LANGUAGE_STANDARD = "gnu++14";
				CLANG_CXX_LIBRARY = "libc++";
				CLANG_ENABLE_MODULES = YES;
				CLANG_ENABLE_OBJC_ARC = YES;
				CLANG_ENABLE_OBJC_WEAK = YES;
				CLANG_WARN_BLOCK_CAPTURE_AUTORELEASING = YES;
				CLANG_WARN_BOOL_CONVERSION = YES;
				CLANG_WARN_COMMA = YES;
				CLANG_WARN_CONSTANT_CONVERSION = YES;
				CLANG_WARN_DEPRECATED_OBJC_IMPLEMENTATIONS = YES;
				CLANG_WARN_DIRECT_OBJC_ISA_USAGE = YES_ERROR;
				CLANG_WARN_DOCUMENTATION_COMMENTS = YES;
				CLANG_WARN_EMPTY_BODY = YES;
				CLANG_WARN_ENUM_CONVERSION = YES;
				CLANG_WARN_INFINITE_RECURSION = YES;
				CLANG_WARN_INT_CONVERSION = YES;
				CLANG_WARN_NON_LITERAL_NULL_CONVERSION = YES;
				CLANG_WARN_OBJC_IMPLICIT_RETAIN_SELF = YES;
				CLANG_WARN_OBJC_LITERAL_CONVERSION = YES;
				CLANG_WARN_OBJC_ROOT_CLASS = YES_ERROR;
				CLANG_WARN_RANGE_LOOP_ANALYSIS = YES;
				CLANG_WARN_STRICT_PROTOTYPES = YES;
				CLANG_WARN_SUSPICIOUS_MOVE = YES;
				CLANG_WARN_UNGUARDED_AVAILABILITY = YES_AGGRESSIVE;
				CLANG_WARN_UNREACHABLE_CODE = YES;
				CLANG_WARN__DUPLICATE_METHOD_MATCH = YES;
				COPY_PHASE_STRIP = NO;
				DEBUG_INFORMATION_FORMAT = "dwarf-with-dsym";
				ENABLE_NS_ASSERTIONS = NO;
				ENABLE_STRICT_OBJC_MSGSEND = YES;
				GCC_C_LANGUAGE_STANDARD = gnu11;
				GCC_NO_COMMON_BLOCKS = YES;
				GCC_PREPROCESSOR_DEFINITIONS = (
					"$(inherited)",
					"RELEASE=1",
				);
				GCC_WARN_64_TO_32_BIT_CONVERSION = YES;
				GCC_WARN_ABOUT_RETURN_TYPE = YES_ERROR;
				GCC_WARN_UNDECLARED_SELECTOR = YES;
				GCC_WARN_UNINITIALIZED_AUTOS = YES_AGGRESSIVE;
				GCC_WARN_UNUSED_FUNCTION = YES;
				GCC_WARN_UNUSED_VARIABLE = YES;
				IPHONEOS_DEPLOYMENT_TARGET = 13.2;
				MTL_ENABLE_DEBUG_INFO = NO;
				MTL_FAST_MATH = YES;
				SDKROOT = iphoneos;
				VALIDATE_PRODUCT = YES;
			};
			name = Release;
		};
		F4BC24E523ABAFD50066E2A0 /* Debug */ = {
			isa = XCBuildConfiguration;
			baseConfigurationReference = 99E588EBA02187D8D320438A /* Pods-PlanRadar Weather.debug.xcconfig */;
			buildSettings = {
				ASSETCATALOG_COMPILER_APPICON_NAME = AppIcon;
				CODE_SIGN_STYLE = Automatic;
				INFOPLIST_FILE = "$(PROJECT_NAME)/Supporting files/Info.plist";
				IPHONEOS_DEPLOYMENT_TARGET = 11.0;
				LD_RUNPATH_SEARCH_PATHS = (
					"$(inherited)",
					"@executable_path/Frameworks",
				);
				PRODUCT_BUNDLE_IDENTIFIER = "com.milanhorvatovic.planradar-weather";
				PRODUCT_NAME = "$(TARGET_NAME)";
				TARGETED_DEVICE_FAMILY = 1;
			};
			name = Debug;
		};
		F4BC24E623ABAFD50066E2A0 /* Release */ = {
			isa = XCBuildConfiguration;
			baseConfigurationReference = FC525A000A7F5F6484E2CDE6 /* Pods-PlanRadar Weather.release.xcconfig */;
			buildSettings = {
				ASSETCATALOG_COMPILER_APPICON_NAME = AppIcon;
				CODE_SIGN_STYLE = Automatic;
				INFOPLIST_FILE = "$(PROJECT_NAME)/Supporting files/Info.plist";
				IPHONEOS_DEPLOYMENT_TARGET = 11.0;
				LD_RUNPATH_SEARCH_PATHS = (
					"$(inherited)",
					"@executable_path/Frameworks",
				);
				PRODUCT_BUNDLE_IDENTIFIER = "com.milanhorvatovic.planradar-weather";
				PRODUCT_NAME = "$(TARGET_NAME)";
				TARGETED_DEVICE_FAMILY = 1;
			};
			name = Release;
		};
		F4BC24E823ABAFD50066E2A0 /* Debug */ = {
			isa = XCBuildConfiguration;
			baseConfigurationReference = E94CF7BA001B6826923B9518 /* Pods-PlanRadar WeatherTests.debug.xcconfig */;
			buildSettings = {
				BUNDLE_LOADER = "$(TEST_HOST)";
				CODE_SIGN_STYLE = Automatic;
				INFOPLIST_FILE = "PlanRadar WeatherTests/Info.plist";
				IPHONEOS_DEPLOYMENT_TARGET = 13.2;
				LD_RUNPATH_SEARCH_PATHS = (
					"$(inherited)",
					"@executable_path/Frameworks",
					"@loader_path/Frameworks",
				);
				PRODUCT_BUNDLE_IDENTIFIER = "com.milanhorvatovic.PlanRadar-WeatherTests";
				PRODUCT_NAME = "$(TARGET_NAME)";
				TARGETED_DEVICE_FAMILY = "1,2";
				TEST_HOST = "$(BUILT_PRODUCTS_DIR)/PlanRadar Weather.app/PlanRadar Weather";
			};
			name = Debug;
		};
		F4BC24E923ABAFD50066E2A0 /* Release */ = {
			isa = XCBuildConfiguration;
			baseConfigurationReference = D04B2F111F86EF5FECE885CB /* Pods-PlanRadar WeatherTests.release.xcconfig */;
			buildSettings = {
				BUNDLE_LOADER = "$(TEST_HOST)";
				CODE_SIGN_STYLE = Automatic;
				INFOPLIST_FILE = "PlanRadar WeatherTests/Info.plist";
				IPHONEOS_DEPLOYMENT_TARGET = 13.2;
				LD_RUNPATH_SEARCH_PATHS = (
					"$(inherited)",
					"@executable_path/Frameworks",
					"@loader_path/Frameworks",
				);
				PRODUCT_BUNDLE_IDENTIFIER = "com.milanhorvatovic.PlanRadar-WeatherTests";
				PRODUCT_NAME = "$(TARGET_NAME)";
				TARGETED_DEVICE_FAMILY = "1,2";
				TEST_HOST = "$(BUILT_PRODUCTS_DIR)/PlanRadar Weather.app/PlanRadar Weather";
			};
			name = Release;
		};
		F4BC24EB23ABAFD50066E2A0 /* Debug */ = {
			isa = XCBuildConfiguration;
			buildSettings = {
				CODE_SIGN_STYLE = Automatic;
				INFOPLIST_FILE = "PlanRadar WeatherUITests/Info.plist";
				LD_RUNPATH_SEARCH_PATHS = (
					"$(inherited)",
					"@executable_path/Frameworks",
					"@loader_path/Frameworks",
				);
				PRODUCT_BUNDLE_IDENTIFIER = "com.milanhorvatovic.PlanRadar-WeatherUITests";
				PRODUCT_NAME = "$(TARGET_NAME)";
				TARGETED_DEVICE_FAMILY = "1,2";
				TEST_TARGET_NAME = "PlanRadar Weather";
			};
			name = Debug;
		};
		F4BC24EC23ABAFD50066E2A0 /* Release */ = {
			isa = XCBuildConfiguration;
			buildSettings = {
				CODE_SIGN_STYLE = Automatic;
				INFOPLIST_FILE = "PlanRadar WeatherUITests/Info.plist";
				LD_RUNPATH_SEARCH_PATHS = (
					"$(inherited)",
					"@executable_path/Frameworks",
					"@loader_path/Frameworks",
				);
				PRODUCT_BUNDLE_IDENTIFIER = "com.milanhorvatovic.PlanRadar-WeatherUITests";
				PRODUCT_NAME = "$(TARGET_NAME)";
				TARGETED_DEVICE_FAMILY = "1,2";
				TEST_TARGET_NAME = "PlanRadar Weather";
			};
			name = Release;
		};
/* End XCBuildConfiguration section */

/* Begin XCConfigurationList section */
		F4BC24AD23ABAFD40066E2A0 /* Build configuration list for PBXProject "PlanRadar Weather" */ = {
			isa = XCConfigurationList;
			buildConfigurations = (
				F4BC24E223ABAFD50066E2A0 /* Debug */,
				F4BC24E323ABAFD50066E2A0 /* Release */,
			);
			defaultConfigurationIsVisible = 0;
			defaultConfigurationName = Release;
		};
		F4BC24E423ABAFD50066E2A0 /* Build configuration list for PBXNativeTarget "PlanRadar Weather" */ = {
			isa = XCConfigurationList;
			buildConfigurations = (
				F4BC24E523ABAFD50066E2A0 /* Debug */,
				F4BC24E623ABAFD50066E2A0 /* Release */,
			);
			defaultConfigurationIsVisible = 0;
			defaultConfigurationName = Release;
		};
		F4BC24E723ABAFD50066E2A0 /* Build configuration list for PBXNativeTarget "PlanRadar WeatherTests" */ = {
			isa = XCConfigurationList;
			buildConfigurations = (
				F4BC24E823ABAFD50066E2A0 /* Debug */,
				F4BC24E923ABAFD50066E2A0 /* Release */,
			);
			defaultConfigurationIsVisible = 0;
			defaultConfigurationName = Release;
		};
		F4BC24EA23ABAFD50066E2A0 /* Build configuration list for PBXNativeTarget "PlanRadar WeatherUITests" */ = {
			isa = XCConfigurationList;
			buildConfigurations = (
				F4BC24EB23ABAFD50066E2A0 /* Debug */,
				F4BC24EC23ABAFD50066E2A0 /* Release */,
			);
			defaultConfigurationIsVisible = 0;
			defaultConfigurationName = Release;
		};
/* End XCConfigurationList section */

/* Begin XCVersionGroup section */
		F4BC24EE23ABB0D40066E2A0 /* PlanRadar_Weather.xcdatamodeld */ = {
			isa = XCVersionGroup;
			children = (
				F4BC24EF23ABB0D40066E2A0 /* PlanRadar_Weather.xcdatamodel */,
			);
			currentVersion = F4BC24EF23ABB0D40066E2A0 /* PlanRadar_Weather.xcdatamodel */;
			path = PlanRadar_Weather.xcdatamodeld;
			sourceTree = "<group>";
			versionGroupType = wrapper.xcdatamodel;
		};
/* End XCVersionGroup section */
	};
	rootObject = F4BC24AA23ABAFD40066E2A0 /* Project object */;
}
